
Microsoft Visual Studio Solution File, Format Version 12.00
# Visual Studio Version 16
VisualStudioVersion = 16.0.30413.136
MinimumVisualStudioVersion = 10.0.40219.1
Project("{FAE04EC0-301F-11D3-BF4B-00C04F79EFBC}") = "laba", "6laba\laba.csproj", "{CD4EBAF5-CF81-4709-89B5-756023473F14}"
EndProject
Global
	GlobalSection(SolutionConfigurationPlatforms) = preSolution
		Debug|Any CPU = Debug|Any CPU
		Debug|x64 = Debug|x64
		Release|Any CPU = Release|Any CPU
		Release|x64 = Release|x64
	EndGlobalSection
	GlobalSection(ProjectConfigurationPlatforms) = postSolution
		{CD4EBAF5-CF81-4709-89B5-756023473F14}.Debug|Any CPU.ActiveCfg = Debug|Any CPU
		{CD4EBAF5-CF81-4709-89B5-756023473F14}.Debug|Any CPU.Build.0 = Debug|Any CPU
		{CD4EBAF5-CF81-4709-89B5-756023473F14}.Debug|x64.ActiveCfg = Debug|x64
		{CD4EBAF5-CF81-4709-89B5-756023473F14}.Debug|x64.Build.0 = Debug|x64
		{CD4EBAF5-CF81-4709-89B5-756023473F14}.Release|Any CPU.ActiveCfg = Release|Any CPU
		{CD4EBAF5-CF81-4709-89B5-756023473F14}.Release|Any CPU.Build.0 = Release|Any CPU
		{CD4EBAF5-CF81-4709-89B5-756023473F14}.Release|x64.ActiveCfg = Release|x64
		{CD4EBAF5-CF81-4709-89B5-756023473F14}.Release|x64.Build.0 = Release|x64
	EndGlobalSection
	GlobalSection(SolutionProperties) = preSolution
		HideSolutionNode = FALSE
	EndGlobalSection
	GlobalSection(ExtensibilityGlobals) = postSolution
		SolutionGuid = {F3BCD6AB-1F65-4654-BB06-424488F780F5}
	EndGlobalSection
EndGlobal
